
Microsoft Visual Studio Solution File, Format Version 11.00
# Visual Studio 2010
Project("{8BC9CEB8-8B4A-11D0-8D11-00A0C91BC942}") = "developpement", "developpement\developpement.vcxproj", "{A4B4E3D4-A6CB-4BFC-A5B6-9C51F88638AF}"
EndProject
Project("{8BC9CEB8-8B4A-11D0-8D11-00A0C91BC942}") = "Composant3", "Composant3\Composant3.vcxproj", "{520E6515-6F83-44EC-AD63-95F1635FDCAB}"
EndProject
Project("{8BC9CEB8-8B4A-11D0-8D11-00A0C91BC942}") = "Composant0", "Composant0\Composant0\Composant0.vcxproj", "{6A558FCD-C119-4C46-939A-825A63AD246B}"
EndProject
Global
	GlobalSection(SolutionConfigurationPlatforms) = preSolution
		Debug|Win32 = Debug|Win32
		Release|Win32 = Release|Win32
	EndGlobalSection
	GlobalSection(ProjectConfigurationPlatforms) = postSolution
		{A4B4E3D4-A6CB-4BFC-A5B6-9C51F88638AF}.Debug|Win32.ActiveCfg = Debug|Win32
		{A4B4E3D4-A6CB-4BFC-A5B6-9C51F88638AF}.Debug|Win32.Build.0 = Debug|Win32
		{A4B4E3D4-A6CB-4BFC-A5B6-9C51F88638AF}.Release|Win32.ActiveCfg = Release|Win32
		{A4B4E3D4-A6CB-4BFC-A5B6-9C51F88638AF}.Release|Win32.Build.0 = Release|Win32
		{520E6515-6F83-44EC-AD63-95F1635FDCAB}.Debug|Win32.ActiveCfg = Debug|Win32
		{520E6515-6F83-44EC-AD63-95F1635FDCAB}.Debug|Win32.Build.0 = Debug|Win32
		{520E6515-6F83-44EC-AD63-95F1635FDCAB}.Release|Win32.ActiveCfg = Release|Win32
		{520E6515-6F83-44EC-AD63-95F1635FDCAB}.Release|Win32.Build.0 = Release|Win32
		{6A558FCD-C119-4C46-939A-825A63AD246B}.Debug|Win32.ActiveCfg = Debug|Win32
		{6A558FCD-C119-4C46-939A-825A63AD246B}.Debug|Win32.Build.0 = Debug|Win32
		{6A558FCD-C119-4C46-939A-825A63AD246B}.Release|Win32.ActiveCfg = Release|Win32
		{6A558FCD-C119-4C46-939A-825A63AD246B}.Release|Win32.Build.0 = Release|Win32
	EndGlobalSection
	GlobalSection(SolutionProperties) = preSolution
		HideSolutionNode = FALSE
	EndGlobalSection
EndGlobal
